
Microsoft Visual Studio Solution File, Format Version 12.00
# Visual Studio Version 16
VisualStudioVersion = 16.0.32510.428
MinimumVisualStudioVersion = 10.0.40219.1
Project("{9A19103F-16F7-4668-BE54-9A1E7A4F7556}") = "AdvogaciaPrincipal", "AdvogaciaPrincipal\AdvogaciaPrincipal.csproj", "{9806B596-9128-4E25-8CD0-1F7478D848BA}"
EndProject
Project("{9A19103F-16F7-4668-BE54-9A1E7A4F7556}") = "advogaciaTDD", "advogaciaTDD\advogaciaTDD.csproj", "{E63C6F48-FB45-4935-87F7-CA7BE976F269}"
EndProject
Project("{FAE04EC0-301F-11D3-BF4B-00C04F79EFBC}") = "ADVOGaciaWeb2.0", "ADVOGaciaWeb2.0\ADVOGaciaWeb2.0.csproj", "{332FEE66-F465-4855-83DC-2D5F26AB5BC2}"
EndProject
Global
	GlobalSection(SolutionConfigurationPlatforms) = preSolution
		Debug|Any CPU = Debug|Any CPU
		Release|Any CPU = Release|Any CPU
	EndGlobalSection
	GlobalSection(ProjectConfigurationPlatforms) = postSolution
		{9806B596-9128-4E25-8CD0-1F7478D848BA}.Debug|Any CPU.ActiveCfg = Debug|Any CPU
		{9806B596-9128-4E25-8CD0-1F7478D848BA}.Debug|Any CPU.Build.0 = Debug|Any CPU
		{9806B596-9128-4E25-8CD0-1F7478D848BA}.Release|Any CPU.ActiveCfg = Release|Any CPU
		{9806B596-9128-4E25-8CD0-1F7478D848BA}.Release|Any CPU.Build.0 = Release|Any CPU
		{E63C6F48-FB45-4935-87F7-CA7BE976F269}.Debug|Any CPU.ActiveCfg = Debug|Any CPU
		{E63C6F48-FB45-4935-87F7-CA7BE976F269}.Debug|Any CPU.Build.0 = Debug|Any CPU
		{E63C6F48-FB45-4935-87F7-CA7BE976F269}.Release|Any CPU.ActiveCfg = Release|Any CPU
		{E63C6F48-FB45-4935-87F7-CA7BE976F269}.Release|Any CPU.Build.0 = Release|Any CPU
		{332FEE66-F465-4855-83DC-2D5F26AB5BC2}.Debug|Any CPU.ActiveCfg = Debug|Any CPU
		{332FEE66-F465-4855-83DC-2D5F26AB5BC2}.Debug|Any CPU.Build.0 = Debug|Any CPU
		{332FEE66-F465-4855-83DC-2D5F26AB5BC2}.Release|Any CPU.ActiveCfg = Release|Any CPU
		{332FEE66-F465-4855-83DC-2D5F26AB5BC2}.Release|Any CPU.Build.0 = Release|Any CPU
	EndGlobalSection
	GlobalSection(SolutionProperties) = preSolution
		HideSolutionNode = FALSE
	EndGlobalSection
	GlobalSection(ExtensibilityGlobals) = postSolution
		SolutionGuid = {96041283-5E03-4669-BD0A-E5F30C95242A}
	EndGlobalSection
EndGlobal
